// !$*UTF8*$!
{
	archiveVersion = 1;
	classes = {
	};
	objectVersion = 46;
	objects = {

/* Begin PBXBuildFile section */
		0E8C05BA0F1A836FA0CD3183 /* Pods_MODE_iOSSDK_Tests.framework in Frameworks */ = {isa = PBXBuildFile; fileRef = A9D825BFF24E606F6ADC4C42 /* Pods_MODE_iOSSDK_Tests.framework */; settings = {ATTRIBUTES = (Weak, ); }; };
		210F9EE61B578B2E00544AE5 /* LMRoundButton.m in Sources */ = {isa = PBXBuildFile; fileRef = 210F9EE51B578B2E00544AE5 /* LMRoundButton.m */; };
		2124EA691B561CD700D35D97 /* LMAddDeviceInConsoleViewController.m in Sources */ = {isa = PBXBuildFile; fileRef = 2124EA5A1B561CD700D35D97 /* LMAddDeviceInConsoleViewController.m */; };
		2124EA6A1B561CD700D35D97 /* LMAddHomeMemberViewController.m in Sources */ = {isa = PBXBuildFile; fileRef = 2124EA5C1B561CD700D35D97 /* LMAddHomeMemberViewController.m */; };
		2124EA6B1B561CD700D35D97 /* LMAddHomeViewController.m in Sources */ = {isa = PBXBuildFile; fileRef = 2124EA5E1B561CD700D35D97 /* LMAddHomeViewController.m */; };
		2124EA6C1B561CD700D35D97 /* LMButtonUtils.m in Sources */ = {isa = PBXBuildFile; fileRef = 2124EA601B561CD700D35D97 /* LMButtonUtils.m */; };
		2124EA6E1B561CD700D35D97 /* LMHomesTableViewController.m in Sources */ = {isa = PBXBuildFile; fileRef = 2124EA641B561CD700D35D97 /* LMHomesTableViewController.m */; };
		2124EA6F1B561CD700D35D97 /* LMProfileEditViewController.m in Sources */ = {isa = PBXBuildFile; fileRef = 2124EA661B561CD700D35D97 /* LMProfileEditViewController.m */; };
		2124EA701B561CD700D35D97 /* LMProfileViewController.m in Sources */ = {isa = PBXBuildFile; fileRef = 2124EA681B561CD700D35D97 /* LMProfileViewController.m */; };
		2124EA7F1B561D1A00D35D97 /* LMAddDevicesViewController.m in Sources */ = {isa = PBXBuildFile; fileRef = 2124EA721B561D1A00D35D97 /* LMAddDevicesViewController.m */; };
		2124EA801B561D1A00D35D97 /* LMAuthenticateAccountViewController.m in Sources */ = {isa = PBXBuildFile; fileRef = 2124EA741B561D1A00D35D97 /* LMAuthenticateAccountViewController.m */; };
		2124EA811B561D1A00D35D97 /* LMLoginViewController.m in Sources */ = {isa = PBXBuildFile; fileRef = 2124EA761B561D1A00D35D97 /* LMLoginViewController.m */; };
		2124EA821B561D1A00D35D97 /* LMLumosViewController.m in Sources */ = {isa = PBXBuildFile; fileRef = 2124EA781B561D1A00D35D97 /* LMLumosViewController.m */; };
		2124EA831B561D1A00D35D97 /* LMRegisteredViewController.m in Sources */ = {isa = PBXBuildFile; fileRef = 2124EA7A1B561D1A00D35D97 /* LMRegisteredViewController.m */; };
		2124EA841B561D1A00D35D97 /* LMSignUpViewController.m in Sources */ = {isa = PBXBuildFile; fileRef = 2124EA7C1B561D1A00D35D97 /* LMSignUpViewController.m */; };
		2124EA851B561D1A00D35D97 /* LMVerifyAccountViewController.m in Sources */ = {isa = PBXBuildFile; fileRef = 2124EA7E1B561D1A00D35D97 /* LMVerifyAccountViewController.m */; };
		2124EA8F1B561D3B00D35D97 /* LMDataHolder.m in Sources */ = {isa = PBXBuildFile; fileRef = 2124EA871B561D3B00D35D97 /* LMDataHolder.m */; };
		2124EA901B561D3B00D35D97 /* LMDeviceManager.m in Sources */ = {isa = PBXBuildFile; fileRef = 2124EA891B561D3B00D35D97 /* LMDeviceManager.m */; };
		2124EA911B561D3B00D35D97 /* LMLinkedStoryBoardSegue.m in Sources */ = {isa = PBXBuildFile; fileRef = 2124EA8B1B561D3B00D35D97 /* LMLinkedStoryBoardSegue.m */; };
		2124EA921B561D3B00D35D97 /* LMOverlayViewProtocol.m in Sources */ = {isa = PBXBuildFile; fileRef = 2124EA8E1B561D3B00D35D97 /* LMOverlayViewProtocol.m */; };
		2124EA971B561D4900D35D97 /* LMUIColor+Extentions.m in Sources */ = {isa = PBXBuildFile; fileRef = 2124EA941B561D4900D35D97 /* LMUIColor+Extentions.m */; };
		2124EA981B561D4900D35D97 /* LMUtils.m in Sources */ = {isa = PBXBuildFile; fileRef = 2124EA961B561D4900D35D97 /* LMUtils.m */; };
		212E75A41BB31F9B00E5D4FE /* QRCodeUtils.m in Sources */ = {isa = PBXBuildFile; fileRef = 212E75A31BB31F9B00E5D4FE /* QRCodeUtils.m */; };
		2134DFFE1BB0E32500BE450C /* LMProjectSettingViewController.m in Sources */ = {isa = PBXBuildFile; fileRef = 2134DFFD1BB0E32500BE450C /* LMProjectSettingViewController.m */; };
		213520911B73EA59005DD0E2 /* LumosLogo.png in Resources */ = {isa = PBXBuildFile; fileRef = 213520901B73EA59005DD0E2 /* LumosLogo.png */; };
		213520931B73EA95005DD0E2 /* Add.png in Resources */ = {isa = PBXBuildFile; fileRef = 213520921B73EA95005DD0E2 /* Add.png */; };
		213520991B73EAA1005DD0E2 /* Authentication.png in Resources */ = {isa = PBXBuildFile; fileRef = 213520941B73EAA1005DD0E2 /* Authentication.png */; };
		2135209A1B73EAA1005DD0E2 /* Background.png in Resources */ = {isa = PBXBuildFile; fileRef = 213520951B73EAA1005DD0E2 /* Background.png */; };
		2135209B1B73EAA1005DD0E2 /* ClaimCode.png in Resources */ = {isa = PBXBuildFile; fileRef = 213520961B73EAA1005DD0E2 /* ClaimCode.png */; };
		2135209C1B73EAA1005DD0E2 /* Edit.png in Resources */ = {isa = PBXBuildFile; fileRef = 213520971B73EAA1005DD0E2 /* Edit.png */; };
		2135209D1B73EAA1005DD0E2 /* Home.png in Resources */ = {isa = PBXBuildFile; fileRef = 213520981B73EAA1005DD0E2 /* Home.png */; };
		213520AA1B73EAA7005DD0E2 /* Lumos_AppIcon.png in Resources */ = {isa = PBXBuildFile; fileRef = 2135209E1B73EAA7005DD0E2 /* Lumos_AppIcon.png */; };
		213520AB1B73EAA7005DD0E2 /* Lumos_AppIcon2.png in Resources */ = {isa = PBXBuildFile; fileRef = 2135209F1B73EAA7005DD0E2 /* Lumos_AppIcon2.png */; };
		213520AC1B73EAA7005DD0E2 /* Lumos_logo.png in Resources */ = {isa = PBXBuildFile; fileRef = 213520A01B73EAA7005DD0E2 /* Lumos_logo.png */; };
		213520AD1B73EAA7005DD0E2 /* Lumos.png in Resources */ = {isa = PBXBuildFile; fileRef = 213520A11B73EAA7005DD0E2 /* Lumos.png */; };
		213520AE1B73EAA7005DD0E2 /* Name.png in Resources */ = {isa = PBXBuildFile; fileRef = 213520A21B73EAA7005DD0E2 /* Name.png */; };
		213520AF1B73EAA7005DD0E2 /* Nickname.png in Resources */ = {isa = PBXBuildFile; fileRef = 213520A31B73EAA7005DD0E2 /* Nickname.png */; };
		213520B01B73EAA7005DD0E2 /* Phone.png in Resources */ = {isa = PBXBuildFile; fileRef = 213520A41B73EAA7005DD0E2 /* Phone.png */; };
		213520B11B73EAA7005DD0E2 /* Profile.png in Resources */ = {isa = PBXBuildFile; fileRef = 213520A51B73EAA7005DD0E2 /* Profile.png */; };
		213520B21B73EAA7005DD0E2 /* Settings Red.png in Resources */ = {isa = PBXBuildFile; fileRef = 213520A61B73EAA7005DD0E2 /* Settings Red.png */; };
		213520B31B73EAA7005DD0E2 /* Settings White.png in Resources */ = {isa = PBXBuildFile; fileRef = 213520A71B73EAA7005DD0E2 /* Settings White.png */; };
		213520B41B73EAA7005DD0E2 /* Settings.png in Resources */ = {isa = PBXBuildFile; fileRef = 213520A81B73EAA7005DD0E2 /* Settings.png */; };
		213520B51B73EAA7005DD0E2 /* TimeZone.png in Resources */ = {isa = PBXBuildFile; fileRef = 213520A91B73EAA7005DD0E2 /* TimeZone.png */; };
		2142865A1B4D98A2006E3C1F /* console.storyboard in Resources */ = {isa = PBXBuildFile; fileRef = 214286591B4D98A2006E3C1F /* console.storyboard */; };
		219B54541BB0AF6200611B43 /* Settings.bundle in Resources */ = {isa = PBXBuildFile; fileRef = 219B54531BB0AF6200611B43 /* Settings.bundle */; };
		21A8E8781B597448002D09E6 /* LMHomeDetailViewController.m in Sources */ = {isa = PBXBuildFile; fileRef = 21A8E8771B597448002D09E6 /* LMHomeDetailViewController.m */; };
		21BD6DB61BEA9AE700FD7DDD /* Pods_MODE_iOSSDK_Example.framework in CopyFiles */ = {isa = PBXBuildFile; fileRef = 32363722C77D44A693D2A580 /* Pods_MODE_iOSSDK_Example.framework */; settings = {ATTRIBUTES = (CodeSignOnCopy, RemoveHeadersOnCopy, ); }; };
		21F9424B1BACD29100A784E8 /* Images.xcassets in Resources */ = {isa = PBXBuildFile; fileRef = 21F9424A1BACD29100A784E8 /* Images.xcassets */; };
		6003F58E195388D20070C39A /* Foundation.framework in Frameworks */ = {isa = PBXBuildFile; fileRef = 6003F58D195388D20070C39A /* Foundation.framework */; };
		6003F590195388D20070C39A /* CoreGraphics.framework in Frameworks */ = {isa = PBXBuildFile; fileRef = 6003F58F195388D20070C39A /* CoreGraphics.framework */; };
		6003F592195388D20070C39A /* UIKit.framework in Frameworks */ = {isa = PBXBuildFile; fileRef = 6003F591195388D20070C39A /* UIKit.framework */; };
		6003F598195388D20070C39A /* InfoPlist.strings in Resources */ = {isa = PBXBuildFile; fileRef = 6003F596195388D20070C39A /* InfoPlist.strings */; };
		6003F59A195388D20070C39A /* main.m in Sources */ = {isa = PBXBuildFile; fileRef = 6003F599195388D20070C39A /* main.m */; };
		6003F59E195388D20070C39A /* MODEAppDelegate.m in Sources */ = {isa = PBXBuildFile; fileRef = 6003F59D195388D20070C39A /* MODEAppDelegate.m */; };
		6003F5A7195388D20070C39A /* MODEViewController.m in Sources */ = {isa = PBXBuildFile; fileRef = 6003F5A6195388D20070C39A /* MODEViewController.m */; };
		6003F5A9195388D20070C39A /* Images.xcassets in Resources */ = {isa = PBXBuildFile; fileRef = 6003F5A8195388D20070C39A /* Images.xcassets */; };
		6003F5B0195388D20070C39A /* XCTest.framework in Frameworks */ = {isa = PBXBuildFile; fileRef = 6003F5AF195388D20070C39A /* XCTest.framework */; };
		6003F5B1195388D20070C39A /* Foundation.framework in Frameworks */ = {isa = PBXBuildFile; fileRef = 6003F58D195388D20070C39A /* Foundation.framework */; };
		6003F5B2195388D20070C39A /* UIKit.framework in Frameworks */ = {isa = PBXBuildFile; fileRef = 6003F591195388D20070C39A /* UIKit.framework */; };
		6003F5BA195388D20070C39A /* InfoPlist.strings in Resources */ = {isa = PBXBuildFile; fileRef = 6003F5B8195388D20070C39A /* InfoPlist.strings */; };
		6003F5BC195388D20070C39A /* Tests.m in Sources */ = {isa = PBXBuildFile; fileRef = 6003F5BB195388D20070C39A /* Tests.m */; };
		873B8AEB1B1F5CCA007FD442 /* Main.storyboard in Resources */ = {isa = PBXBuildFile; fileRef = 873B8AEA1B1F5CCA007FD442 /* Main.storyboard */; };
		9B6154E33294C401BD0B6C84 /* Pods_MODE_iOSSDK_Example.framework in Frameworks */ = {isa = PBXBuildFile; fileRef = 32363722C77D44A693D2A580 /* Pods_MODE_iOSSDK_Example.framework */; settings = {ATTRIBUTES = (Required, ); }; };
/* End PBXBuildFile section */

/* Begin PBXContainerItemProxy section */
		6003F5B3195388D20070C39A /* PBXContainerItemProxy */ = {
			isa = PBXContainerItemProxy;
			containerPortal = 6003F582195388D10070C39A /* Project object */;
			proxyType = 1;
			remoteGlobalIDString = 6003F589195388D20070C39A;
			remoteInfo = "MODE-iOSSDK";
		};
/* End PBXContainerItemProxy section */

/* Begin PBXCopyFilesBuildPhase section */
		21BD6DB51BEA9AA700FD7DDD /* CopyFiles */ = {
			isa = PBXCopyFilesBuildPhase;
			buildActionMask = 2147483647;
			dstPath = "";
			dstSubfolderSpec = 10;
			files = (
				21BD6DB61BEA9AE700FD7DDD /* Pods_MODE_iOSSDK_Example.framework in CopyFiles */,
			);
			runOnlyForDeploymentPostprocessing = 0;
		};
/* End PBXCopyFilesBuildPhase section */

/* Begin PBXFileReference section */
		030D11C9C043D5B1DD1B8AF4 /* Pods-MODE-iOSSDK_Tests.debug.xcconfig */ = {isa = PBXFileReference; includeInIndex = 1; lastKnownFileType = text.xcconfig; name = "Pods-MODE-iOSSDK_Tests.debug.xcconfig"; path = "Pods/Target Support Files/Pods-MODE-iOSSDK_Tests/Pods-MODE-iOSSDK_Tests.debug.xcconfig"; sourceTree = "<group>"; };
		210F9EE41B578B2E00544AE5 /* LMRoundButton.h */ = {isa = PBXFileReference; fileEncoding = 4; lastKnownFileType = sourcecode.c.h; path = LMRoundButton.h; sourceTree = "<group>"; };
		210F9EE51B578B2E00544AE5 /* LMRoundButton.m */ = {isa = PBXFileReference; fileEncoding = 4; lastKnownFileType = sourcecode.c.objc; path = LMRoundButton.m; sourceTree = "<group>"; };
		2124EA591B561CD700D35D97 /* LMAddDeviceInConsoleViewController.h */ = {isa = PBXFileReference; fileEncoding = 4; lastKnownFileType = sourcecode.c.h; lineEnding = 0; path = LMAddDeviceInConsoleViewController.h; sourceTree = "<group>"; xcLanguageSpecificationIdentifier = xcode.lang.objcpp; };
		2124EA5A1B561CD700D35D97 /* LMAddDeviceInConsoleViewController.m */ = {isa = PBXFileReference; fileEncoding = 4; lastKnownFileType = sourcecode.c.objc; lineEnding = 0; path = LMAddDeviceInConsoleViewController.m; sourceTree = "<group>"; xcLanguageSpecificationIdentifier = xcode.lang.objc; };
		2124EA5B1B561CD700D35D97 /* LMAddHomeMemberViewController.h */ = {isa = PBXFileReference; fileEncoding = 4; lastKnownFileType = sourcecode.c.h; lineEnding = 0; path = LMAddHomeMemberViewController.h; sourceTree = "<group>"; xcLanguageSpecificationIdentifier = xcode.lang.objcpp; };
		2124EA5C1B561CD700D35D97 /* LMAddHomeMemberViewController.m */ = {isa = PBXFileReference; fileEncoding = 4; lastKnownFileType = sourcecode.c.objc; lineEnding = 0; path = LMAddHomeMemberViewController.m; sourceTree = "<group>"; xcLanguageSpecificationIdentifier = xcode.lang.objc; };
		2124EA5D1B561CD700D35D97 /* LMAddHomeViewController.h */ = {isa = PBXFileReference; fileEncoding = 4; lastKnownFileType = sourcecode.c.h; lineEnding = 0; path = LMAddHomeViewController.h; sourceTree = "<group>"; xcLanguageSpecificationIdentifier = xcode.lang.objcpp; };
		2124EA5E1B561CD700D35D97 /* LMAddHomeViewController.m */ = {isa = PBXFileReference; fileEncoding = 4; lastKnownFileType = sourcecode.c.objc; lineEnding = 0; path = LMAddHomeViewController.m; sourceTree = "<group>"; xcLanguageSpecificationIdentifier = xcode.lang.objc; };
		2124EA5F1B561CD700D35D97 /* LMButtonUtils.h */ = {isa = PBXFileReference; fileEncoding = 4; lastKnownFileType = sourcecode.c.h; path = LMButtonUtils.h; sourceTree = "<group>"; };
		2124EA601B561CD700D35D97 /* LMButtonUtils.m */ = {isa = PBXFileReference; fileEncoding = 4; lastKnownFileType = sourcecode.c.objc; lineEnding = 0; path = LMButtonUtils.m; sourceTree = "<group>"; xcLanguageSpecificationIdentifier = xcode.lang.objc; };
		2124EA631B561CD700D35D97 /* LMHomesTableViewController.h */ = {isa = PBXFileReference; fileEncoding = 4; lastKnownFileType = sourcecode.c.h; lineEnding = 0; path = LMHomesTableViewController.h; sourceTree = "<group>"; xcLanguageSpecificationIdentifier = xcode.lang.objcpp; };
		2124EA641B561CD700D35D97 /* LMHomesTableViewController.m */ = {isa = PBXFileReference; fileEncoding = 4; lastKnownFileType = sourcecode.c.objc; lineEnding = 0; path = LMHomesTableViewController.m; sourceTree = "<group>"; xcLanguageSpecificationIdentifier = xcode.lang.objc; };
		2124EA651B561CD700D35D97 /* LMProfileEditViewController.h */ = {isa = PBXFileReference; fileEncoding = 4; lastKnownFileType = sourcecode.c.h; lineEnding = 0; path = LMProfileEditViewController.h; sourceTree = "<group>"; xcLanguageSpecificationIdentifier = xcode.lang.objcpp; };
		2124EA661B561CD700D35D97 /* LMProfileEditViewController.m */ = {isa = PBXFileReference; fileEncoding = 4; lastKnownFileType = sourcecode.c.objc; lineEnding = 0; path = LMProfileEditViewController.m; sourceTree = "<group>"; xcLanguageSpecificationIdentifier = xcode.lang.objc; };
		2124EA671B561CD700D35D97 /* LMProfileViewController.h */ = {isa = PBXFileReference; fileEncoding = 4; lastKnownFileType = sourcecode.c.h; lineEnding = 0; path = LMProfileViewController.h; sourceTree = "<group>"; xcLanguageSpecificationIdentifier = xcode.lang.objcpp; };
		2124EA681B561CD700D35D97 /* LMProfileViewController.m */ = {isa = PBXFileReference; fileEncoding = 4; lastKnownFileType = sourcecode.c.objc; lineEnding = 0; path = LMProfileViewController.m; sourceTree = "<group>"; xcLanguageSpecificationIdentifier = xcode.lang.objc; };
		2124EA711B561D1A00D35D97 /* LMAddDevicesViewController.h */ = {isa = PBXFileReference; fileEncoding = 4; lastKnownFileType = sourcecode.c.h; lineEnding = 0; path = LMAddDevicesViewController.h; sourceTree = "<group>"; xcLanguageSpecificationIdentifier = xcode.lang.objcpp; };
		2124EA721B561D1A00D35D97 /* LMAddDevicesViewController.m */ = {isa = PBXFileReference; fileEncoding = 4; lastKnownFileType = sourcecode.c.objc; lineEnding = 0; path = LMAddDevicesViewController.m; sourceTree = "<group>"; xcLanguageSpecificationIdentifier = xcode.lang.objc; };
		2124EA731B561D1A00D35D97 /* LMAuthenticateAccountViewController.h */ = {isa = PBXFileReference; fileEncoding = 4; lastKnownFileType = sourcecode.c.h; lineEnding = 0; path = LMAuthenticateAccountViewController.h; sourceTree = "<group>"; xcLanguageSpecificationIdentifier = xcode.lang.objcpp; };
		2124EA741B561D1A00D35D97 /* LMAuthenticateAccountViewController.m */ = {isa = PBXFileReference; fileEncoding = 4; lastKnownFileType = sourcecode.c.objc; lineEnding = 0; path = LMAuthenticateAccountViewController.m; sourceTree = "<group>"; xcLanguageSpecificationIdentifier = xcode.lang.objc; };
		2124EA751B561D1A00D35D97 /* LMLoginViewController.h */ = {isa = PBXFileReference; fileEncoding = 4; lastKnownFileType = sourcecode.c.h; lineEnding = 0; path = LMLoginViewController.h; sourceTree = "<group>"; xcLanguageSpecificationIdentifier = xcode.lang.objcpp; };
		2124EA761B561D1A00D35D97 /* LMLoginViewController.m */ = {isa = PBXFileReference; fileEncoding = 4; lastKnownFileType = sourcecode.c.objc; lineEnding = 0; path = LMLoginViewController.m; sourceTree = "<group>"; xcLanguageSpecificationIdentifier = xcode.lang.objc; };
		2124EA771B561D1A00D35D97 /* LMLumosViewController.h */ = {isa = PBXFileReference; fileEncoding = 4; lastKnownFileType = sourcecode.c.h; path = LMLumosViewController.h; sourceTree = "<group>"; };
		2124EA781B561D1A00D35D97 /* LMLumosViewController.m */ = {isa = PBXFileReference; fileEncoding = 4; lastKnownFileType = sourcecode.c.objc; lineEnding = 0; path = LMLumosViewController.m; sourceTree = "<group>"; xcLanguageSpecificationIdentifier = xcode.lang.objc; };
		2124EA791B561D1A00D35D97 /* LMRegisteredViewController.h */ = {isa = PBXFileReference; fileEncoding = 4; lastKnownFileType = sourcecode.c.h; lineEnding = 0; path = LMRegisteredViewController.h; sourceTree = "<group>"; xcLanguageSpecificationIdentifier = xcode.lang.objcpp; };
		2124EA7A1B561D1A00D35D97 /* LMRegisteredViewController.m */ = {isa = PBXFileReference; fileEncoding = 4; lastKnownFileType = sourcecode.c.objc; lineEnding = 0; path = LMRegisteredViewController.m; sourceTree = "<group>"; xcLanguageSpecificationIdentifier = xcode.lang.objc; };
		2124EA7B1B561D1A00D35D97 /* LMSignUpViewController.h */ = {isa = PBXFileReference; fileEncoding = 4; lastKnownFileType = sourcecode.c.h; path = LMSignUpViewController.h; sourceTree = "<group>"; };
		2124EA7C1B561D1A00D35D97 /* LMSignUpViewController.m */ = {isa = PBXFileReference; fileEncoding = 4; lastKnownFileType = sourcecode.c.objc; lineEnding = 0; path = LMSignUpViewController.m; sourceTree = "<group>"; xcLanguageSpecificationIdentifier = xcode.lang.objc; };
		2124EA7D1B561D1A00D35D97 /* LMVerifyAccountViewController.h */ = {isa = PBXFileReference; fileEncoding = 4; lastKnownFileType = sourcecode.c.h; path = LMVerifyAccountViewController.h; sourceTree = "<group>"; };
		2124EA7E1B561D1A00D35D97 /* LMVerifyAccountViewController.m */ = {isa = PBXFileReference; fileEncoding = 4; lastKnownFileType = sourcecode.c.objc; lineEnding = 0; path = LMVerifyAccountViewController.m; sourceTree = "<group>"; xcLanguageSpecificationIdentifier = xcode.lang.objc; };
		2124EA861B561D3B00D35D97 /* LMDataHolder.h */ = {isa = PBXFileReference; fileEncoding = 4; lastKnownFileType = sourcecode.c.h; lineEnding = 0; path = LMDataHolder.h; sourceTree = "<group>"; xcLanguageSpecificationIdentifier = xcode.lang.objcpp; };
		2124EA871B561D3B00D35D97 /* LMDataHolder.m */ = {isa = PBXFileReference; fileEncoding = 4; lastKnownFileType = sourcecode.c.objc; lineEnding = 0; path = LMDataHolder.m; sourceTree = "<group>"; xcLanguageSpecificationIdentifier = xcode.lang.objc; };
		2124EA881B561D3B00D35D97 /* LMDeviceManager.h */ = {isa = PBXFileReference; fileEncoding = 4; lastKnownFileType = sourcecode.c.h; lineEnding = 0; path = LMDeviceManager.h; sourceTree = "<group>"; xcLanguageSpecificationIdentifier = xcode.lang.objcpp; };
		2124EA891B561D3B00D35D97 /* LMDeviceManager.m */ = {isa = PBXFileReference; fileEncoding = 4; lastKnownFileType = sourcecode.c.objc; lineEnding = 0; path = LMDeviceManager.m; sourceTree = "<group>"; xcLanguageSpecificationIdentifier = xcode.lang.objc; };
		2124EA8A1B561D3B00D35D97 /* LMLinkedStoryBoardSegue.h */ = {isa = PBXFileReference; fileEncoding = 4; lastKnownFileType = sourcecode.c.h; path = LMLinkedStoryBoardSegue.h; sourceTree = "<group>"; };
		2124EA8B1B561D3B00D35D97 /* LMLinkedStoryBoardSegue.m */ = {isa = PBXFileReference; fileEncoding = 4; lastKnownFileType = sourcecode.c.objc; path = LMLinkedStoryBoardSegue.m; sourceTree = "<group>"; };
		2124EA8C1B561D3B00D35D97 /* LMMessages.h */ = {isa = PBXFileReference; fileEncoding = 4; lastKnownFileType = sourcecode.c.h; path = LMMessages.h; sourceTree = "<group>"; };
		2124EA8D1B561D3B00D35D97 /* LMOverlayViewProtocol.h */ = {isa = PBXFileReference; fileEncoding = 4; lastKnownFileType = sourcecode.c.h; lineEnding = 0; path = LMOverlayViewProtocol.h; sourceTree = "<group>"; xcLanguageSpecificationIdentifier = xcode.lang.objcpp; };
		2124EA8E1B561D3B00D35D97 /* LMOverlayViewProtocol.m */ = {isa = PBXFileReference; fileEncoding = 4; lastKnownFileType = sourcecode.c.objc; lineEnding = 0; path = LMOverlayViewProtocol.m; sourceTree = "<group>"; xcLanguageSpecificationIdentifier = xcode.lang.objc; };
		2124EA931B561D4900D35D97 /* LMUIColor+Extentions.h */ = {isa = PBXFileReference; fileEncoding = 4; lastKnownFileType = sourcecode.c.h; path = "LMUIColor+Extentions.h"; sourceTree = "<group>"; };
		2124EA941B561D4900D35D97 /* LMUIColor+Extentions.m */ = {isa = PBXFileReference; fileEncoding = 4; lastKnownFileType = sourcecode.c.objc; lineEnding = 0; path = "LMUIColor+Extentions.m"; sourceTree = "<group>"; xcLanguageSpecificationIdentifier = xcode.lang.objc; };
		2124EA951B561D4900D35D97 /* LMUtils.h */ = {isa = PBXFileReference; fileEncoding = 4; lastKnownFileType = sourcecode.c.h; path = LMUtils.h; sourceTree = "<group>"; };
		2124EA961B561D4900D35D97 /* LMUtils.m */ = {isa = PBXFileReference; fileEncoding = 4; lastKnownFileType = sourcecode.c.objc; lineEnding = 0; path = LMUtils.m; sourceTree = "<group>"; xcLanguageSpecificationIdentifier = xcode.lang.objc; };
		212E75A31BB31F9B00E5D4FE /* QRCodeUtils.m */ = {isa = PBXFileReference; fileEncoding = 4; lastKnownFileType = sourcecode.c.objc; path = QRCodeUtils.m; sourceTree = "<group>"; };
		212E75A51BB31FA800E5D4FE /* QRCodeUtils.h */ = {isa = PBXFileReference; lastKnownFileType = sourcecode.c.h; path = QRCodeUtils.h; sourceTree = "<group>"; };
		2134DFFC1BB0E32500BE450C /* LMProjectSettingViewController.h */ = {isa = PBXFileReference; fileEncoding = 4; lastKnownFileType = sourcecode.c.h; path = LMProjectSettingViewController.h; sourceTree = "<group>"; };
		2134DFFD1BB0E32500BE450C /* LMProjectSettingViewController.m */ = {isa = PBXFileReference; fileEncoding = 4; lastKnownFileType = sourcecode.c.objc; path = LMProjectSettingViewController.m; sourceTree = "<group>"; };
		213520901B73EA59005DD0E2 /* LumosLogo.png */ = {isa = PBXFileReference; lastKnownFileType = image.png; name = LumosLogo.png; path = Images.xcassets/LumosLogo.png; sourceTree = "<group>"; };
		213520921B73EA95005DD0E2 /* Add.png */ = {isa = PBXFileReference; lastKnownFileType = image.png; name = Add.png; path = Images.xcassets/Add.png; sourceTree = "<group>"; };
		213520941B73EAA1005DD0E2 /* Authentication.png */ = {isa = PBXFileReference; lastKnownFileType = image.png; name = Authentication.png; path = Images.xcassets/Authentication.png; sourceTree = "<group>"; };
		213520951B73EAA1005DD0E2 /* Background.png */ = {isa = PBXFileReference; lastKnownFileType = image.png; name = Background.png; path = Images.xcassets/Background.png; sourceTree = "<group>"; };
		213520961B73EAA1005DD0E2 /* ClaimCode.png */ = {isa = PBXFileReference; lastKnownFileType = image.png; name = ClaimCode.png; path = Images.xcassets/ClaimCode.png; sourceTree = "<group>"; };
		213520971B73EAA1005DD0E2 /* Edit.png */ = {isa = PBXFileReference; lastKnownFileType = image.png; name = Edit.png; path = Images.xcassets/Edit.png; sourceTree = "<group>"; };
		213520981B73EAA1005DD0E2 /* Home.png */ = {isa = PBXFileReference; lastKnownFileType = image.png; name = Home.png; path = Images.xcassets/Home.png; sourceTree = "<group>"; };
		2135209E1B73EAA7005DD0E2 /* Lumos_AppIcon.png */ = {isa = PBXFileReference; lastKnownFileType = image.png; name = Lumos_AppIcon.png; path = Images.xcassets/Lumos_AppIcon.png; sourceTree = "<group>"; };
		2135209F1B73EAA7005DD0E2 /* Lumos_AppIcon2.png */ = {isa = PBXFileReference; lastKnownFileType = image.png; name = Lumos_AppIcon2.png; path = Images.xcassets/Lumos_AppIcon2.png; sourceTree = "<group>"; };
		213520A01B73EAA7005DD0E2 /* Lumos_logo.png */ = {isa = PBXFileReference; lastKnownFileType = image.png; name = Lumos_logo.png; path = Images.xcassets/Lumos_logo.png; sourceTree = "<group>"; };
		213520A11B73EAA7005DD0E2 /* Lumos.png */ = {isa = PBXFileReference; lastKnownFileType = image.png; name = Lumos.png; path = Images.xcassets/Lumos.png; sourceTree = "<group>"; };
		213520A21B73EAA7005DD0E2 /* Name.png */ = {isa = PBXFileReference; lastKnownFileType = image.png; name = Name.png; path = Images.xcassets/Name.png; sourceTree = "<group>"; };
		213520A31B73EAA7005DD0E2 /* Nickname.png */ = {isa = PBXFileReference; lastKnownFileType = image.png; name = Nickname.png; path = Images.xcassets/Nickname.png; sourceTree = "<group>"; };
		213520A41B73EAA7005DD0E2 /* Phone.png */ = {isa = PBXFileReference; lastKnownFileType = image.png; name = Phone.png; path = Images.xcassets/Phone.png; sourceTree = "<group>"; };
		213520A51B73EAA7005DD0E2 /* Profile.png */ = {isa = PBXFileReference; lastKnownFileType = image.png; name = Profile.png; path = Images.xcassets/Profile.png; sourceTree = "<group>"; };
		213520A61B73EAA7005DD0E2 /* Settings Red.png */ = {isa = PBXFileReference; lastKnownFileType = image.png; name = "Settings Red.png"; path = "Images.xcassets/Settings Red.png"; sourceTree = "<group>"; };
		213520A71B73EAA7005DD0E2 /* Settings White.png */ = {isa = PBXFileReference; lastKnownFileType = image.png; name = "Settings White.png"; path = "Images.xcassets/Settings White.png"; sourceTree = "<group>"; };
		213520A81B73EAA7005DD0E2 /* Settings.png */ = {isa = PBXFileReference; lastKnownFileType = image.png; name = Settings.png; path = Images.xcassets/Settings.png; sourceTree = "<group>"; };
		213520A91B73EAA7005DD0E2 /* TimeZone.png */ = {isa = PBXFileReference; lastKnownFileType = image.png; name = TimeZone.png; path = Images.xcassets/TimeZone.png; sourceTree = "<group>"; };
		214286591B4D98A2006E3C1F /* console.storyboard */ = {isa = PBXFileReference; fileEncoding = 4; lastKnownFileType = file.storyboard; path = console.storyboard; sourceTree = "<group>"; };
		219B54531BB0AF6200611B43 /* Settings.bundle */ = {isa = PBXFileReference; lastKnownFileType = "wrapper.plug-in"; path = Settings.bundle; sourceTree = "<group>"; };
		21A8E8761B597448002D09E6 /* LMHomeDetailViewController.h */ = {isa = PBXFileReference; fileEncoding = 4; lastKnownFileType = sourcecode.c.h; path = LMHomeDetailViewController.h; sourceTree = "<group>"; };
		21A8E8771B597448002D09E6 /* LMHomeDetailViewController.m */ = {isa = PBXFileReference; fileEncoding = 4; lastKnownFileType = sourcecode.c.objc; lineEnding = 0; path = LMHomeDetailViewController.m; sourceTree = "<group>"; xcLanguageSpecificationIdentifier = xcode.lang.objc; };
		21F9424A1BACD29100A784E8 /* Images.xcassets */ = {isa = PBXFileReference; lastKnownFileType = folder.assetcatalog; name = Images.xcassets; path = "MODE-iOSSDK_Example/Images.xcassets"; sourceTree = "<group>"; };
		2DFF3826F5A3A2128C83B9FF /* README.md */ = {isa = PBXFileReference; includeInIndex = 1; lastKnownFileType = net.daringfireball.markdown; name = README.md; path = ../README.md; sourceTree = "<group>"; };
		32363722C77D44A693D2A580 /* Pods_MODE_iOSSDK_Example.framework */ = {isa = PBXFileReference; explicitFileType = wrapper.framework; includeInIndex = 0; path = Pods_MODE_iOSSDK_Example.framework; sourceTree = BUILT_PRODUCTS_DIR; };
		47B286A23B4CB7AFC0DD9486 /* LICENSE */ = {isa = PBXFileReference; includeInIndex = 1; lastKnownFileType = text; name = LICENSE; path = ../LICENSE; sourceTree = "<group>"; };
		6003F58A195388D20070C39A /* Lumos.app */ = {isa = PBXFileReference; explicitFileType = wrapper.application; includeInIndex = 0; path = Lumos.app; sourceTree = BUILT_PRODUCTS_DIR; };
		6003F58D195388D20070C39A /* Foundation.framework */ = {isa = PBXFileReference; lastKnownFileType = wrapper.framework; name = Foundation.framework; path = System/Library/Frameworks/Foundation.framework; sourceTree = SDKROOT; };
		6003F58F195388D20070C39A /* CoreGraphics.framework */ = {isa = PBXFileReference; lastKnownFileType = wrapper.framework; name = CoreGraphics.framework; path = System/Library/Frameworks/CoreGraphics.framework; sourceTree = SDKROOT; };
		6003F591195388D20070C39A /* UIKit.framework */ = {isa = PBXFileReference; lastKnownFileType = wrapper.framework; name = UIKit.framework; path = System/Library/Frameworks/UIKit.framework; sourceTree = SDKROOT; };
		6003F595195388D20070C39A /* MODE-iOSSDK-Info.plist */ = {isa = PBXFileReference; lastKnownFileType = text.plist.xml; path = "MODE-iOSSDK-Info.plist"; sourceTree = "<group>"; };
		6003F597195388D20070C39A /* en */ = {isa = PBXFileReference; lastKnownFileType = text.plist.strings; lineEnding = 0; name = en; path = en.lproj/InfoPlist.strings; sourceTree = "<group>"; xcLanguageSpecificationIdentifier = xcode.lang.simpleColoring; };
		6003F599195388D20070C39A /* main.m */ = {isa = PBXFileReference; lastKnownFileType = sourcecode.c.objc; path = main.m; sourceTree = "<group>"; };
		6003F59B195388D20070C39A /* MODE-iOSSDK-Prefix.pch */ = {isa = PBXFileReference; lastKnownFileType = sourcecode.c.h; path = "MODE-iOSSDK-Prefix.pch"; sourceTree = "<group>"; };
		6003F59C195388D20070C39A /* MODEAppDelegate.h */ = {isa = PBXFileReference; lastKnownFileType = sourcecode.c.h; path = MODEAppDelegate.h; sourceTree = "<group>"; };
		6003F59D195388D20070C39A /* MODEAppDelegate.m */ = {isa = PBXFileReference; lastKnownFileType = sourcecode.c.objc; lineEnding = 0; path = MODEAppDelegate.m; sourceTree = "<group>"; xcLanguageSpecificationIdentifier = xcode.lang.objc; };
		6003F5A5195388D20070C39A /* MODEViewController.h */ = {isa = PBXFileReference; lastKnownFileType = sourcecode.c.h; path = MODEViewController.h; sourceTree = "<group>"; };
		6003F5A6195388D20070C39A /* MODEViewController.m */ = {isa = PBXFileReference; lastKnownFileType = sourcecode.c.objc; path = MODEViewController.m; sourceTree = "<group>"; };
		6003F5A8195388D20070C39A /* Images.xcassets */ = {isa = PBXFileReference; lastKnownFileType = folder.assetcatalog; path = Images.xcassets; sourceTree = "<group>"; };
		6003F5AE195388D20070C39A /* MODE-iOSSDK_Tests.xctest */ = {isa = PBXFileReference; explicitFileType = wrapper.cfbundle; includeInIndex = 0; path = "MODE-iOSSDK_Tests.xctest"; sourceTree = BUILT_PRODUCTS_DIR; };
		6003F5AF195388D20070C39A /* XCTest.framework */ = {isa = PBXFileReference; lastKnownFileType = wrapper.framework; name = XCTest.framework; path = Library/Frameworks/XCTest.framework; sourceTree = DEVELOPER_DIR; };
		6003F5B7195388D20070C39A /* Tests-Info.plist */ = {isa = PBXFileReference; lastKnownFileType = text.plist.xml; path = "Tests-Info.plist"; sourceTree = "<group>"; };
		6003F5B9195388D20070C39A /* en */ = {isa = PBXFileReference; lastKnownFileType = text.plist.strings; name = en; path = en.lproj/InfoPlist.strings; sourceTree = "<group>"; };
		6003F5BB195388D20070C39A /* Tests.m */ = {isa = PBXFileReference; lastKnownFileType = sourcecode.c.objc; path = Tests.m; sourceTree = "<group>"; };
		606FC2411953D9B200FFA9A0 /* Tests-Prefix.pch */ = {isa = PBXFileReference; lastKnownFileType = sourcecode.c.h; path = "Tests-Prefix.pch"; sourceTree = "<group>"; };
		873B8AEA1B1F5CCA007FD442 /* Main.storyboard */ = {isa = PBXFileReference; fileEncoding = 4; lastKnownFileType = file.storyboard; path = Main.storyboard; sourceTree = "<group>"; };
		A25ED04E2BC25E65A7F871D3 /* Pods-MODE-iOSSDK_Example.debug.xcconfig */ = {isa = PBXFileReference; includeInIndex = 1; lastKnownFileType = text.xcconfig; name = "Pods-MODE-iOSSDK_Example.debug.xcconfig"; path = "Pods/Target Support Files/Pods-MODE-iOSSDK_Example/Pods-MODE-iOSSDK_Example.debug.xcconfig"; sourceTree = "<group>"; };
		A9D825BFF24E606F6ADC4C42 /* Pods_MODE_iOSSDK_Tests.framework */ = {isa = PBXFileReference; explicitFileType = wrapper.framework; includeInIndex = 0; path = Pods_MODE_iOSSDK_Tests.framework; sourceTree = BUILT_PRODUCTS_DIR; };
		D270C4FA96498139FD44B2A5 /* MODE-iOSSDK.podspec */ = {isa = PBXFileReference; includeInIndex = 1; lastKnownFileType = text; name = "MODE-iOSSDK.podspec"; path = "../MODE-iOSSDK.podspec"; sourceTree = "<group>"; };
		D485B01F952A1DA6676080AD /* Pods-MODE-iOSSDK_Example.release.xcconfig */ = {isa = PBXFileReference; includeInIndex = 1; lastKnownFileType = text.xcconfig; name = "Pods-MODE-iOSSDK_Example.release.xcconfig"; path = "Pods/Target Support Files/Pods-MODE-iOSSDK_Example/Pods-MODE-iOSSDK_Example.release.xcconfig"; sourceTree = "<group>"; };
		F81B5A6EA90058513513C2FC /* Pods-MODE-iOSSDK_Tests.release.xcconfig */ = {isa = PBXFileReference; includeInIndex = 1; lastKnownFileType = text.xcconfig; name = "Pods-MODE-iOSSDK_Tests.release.xcconfig"; path = "Pods/Target Support Files/Pods-MODE-iOSSDK_Tests/Pods-MODE-iOSSDK_Tests.release.xcconfig"; sourceTree = "<group>"; };
/* End PBXFileReference section */

/* Begin PBXFrameworksBuildPhase section */
		6003F587195388D20070C39A /* Frameworks */ = {
			isa = PBXFrameworksBuildPhase;
			buildActionMask = 2147483647;
			files = (
				6003F590195388D20070C39A /* CoreGraphics.framework in Frameworks */,
				6003F592195388D20070C39A /* UIKit.framework in Frameworks */,
				6003F58E195388D20070C39A /* Foundation.framework in Frameworks */,
				9B6154E33294C401BD0B6C84 /* Pods_MODE_iOSSDK_Example.framework in Frameworks */,
			);
			runOnlyForDeploymentPostprocessing = 0;
		};
		6003F5AB195388D20070C39A /* Frameworks */ = {
			isa = PBXFrameworksBuildPhase;
			buildActionMask = 2147483647;
			files = (
				6003F5B0195388D20070C39A /* XCTest.framework in Frameworks */,
				6003F5B2195388D20070C39A /* UIKit.framework in Frameworks */,
				6003F5B1195388D20070C39A /* Foundation.framework in Frameworks */,
				0E8C05BA0F1A836FA0CD3183 /* Pods_MODE_iOSSDK_Tests.framework in Frameworks */,
			);
			runOnlyForDeploymentPostprocessing = 0;
		};
/* End PBXFrameworksBuildPhase section */

/* Begin PBXGroup section */
		214286551B4D97FE006E3C1F /* misc */ = {
			isa = PBXGroup;
			children = (
				2124EA5F1B561CD700D35D97 /* LMButtonUtils.h */,
				2124EA601B561CD700D35D97 /* LMButtonUtils.m */,
				2124EA931B561D4900D35D97 /* LMUIColor+Extentions.h */,
				2124EA941B561D4900D35D97 /* LMUIColor+Extentions.m */,
				2124EA951B561D4900D35D97 /* LMUtils.h */,
				2124EA961B561D4900D35D97 /* LMUtils.m */,
				2124EA861B561D3B00D35D97 /* LMDataHolder.h */,
				2124EA871B561D3B00D35D97 /* LMDataHolder.m */,
				2124EA881B561D3B00D35D97 /* LMDeviceManager.h */,
				2124EA891B561D3B00D35D97 /* LMDeviceManager.m */,
				2124EA8A1B561D3B00D35D97 /* LMLinkedStoryBoardSegue.h */,
				2124EA8B1B561D3B00D35D97 /* LMLinkedStoryBoardSegue.m */,
				2124EA8C1B561D3B00D35D97 /* LMMessages.h */,
				2124EA8D1B561D3B00D35D97 /* LMOverlayViewProtocol.h */,
				2124EA8E1B561D3B00D35D97 /* LMOverlayViewProtocol.m */,
				210F9EE41B578B2E00544AE5 /* LMRoundButton.h */,
				210F9EE51B578B2E00544AE5 /* LMRoundButton.m */,
				212E75A31BB31F9B00E5D4FE /* QRCodeUtils.m */,
				212E75A51BB31FA800E5D4FE /* QRCodeUtils.h */,
			);
			name = misc;
			sourceTree = "<group>";
		};
		214286561B4D9823006E3C1F /* MainViewControllers */ = {
			isa = PBXGroup;
			children = (
				2134DFFC1BB0E32500BE450C /* LMProjectSettingViewController.h */,
				2134DFFD1BB0E32500BE450C /* LMProjectSettingViewController.m */,
				2124EA711B561D1A00D35D97 /* LMAddDevicesViewController.h */,
				2124EA721B561D1A00D35D97 /* LMAddDevicesViewController.m */,
				2124EA731B561D1A00D35D97 /* LMAuthenticateAccountViewController.h */,
				2124EA741B561D1A00D35D97 /* LMAuthenticateAccountViewController.m */,
				2124EA751B561D1A00D35D97 /* LMLoginViewController.h */,
				2124EA761B561D1A00D35D97 /* LMLoginViewController.m */,
				2124EA771B561D1A00D35D97 /* LMLumosViewController.h */,
				2124EA781B561D1A00D35D97 /* LMLumosViewController.m */,
				2124EA791B561D1A00D35D97 /* LMRegisteredViewController.h */,
				2124EA7A1B561D1A00D35D97 /* LMRegisteredViewController.m */,
				2124EA7B1B561D1A00D35D97 /* LMSignUpViewController.h */,
				2124EA7C1B561D1A00D35D97 /* LMSignUpViewController.m */,
				2124EA7D1B561D1A00D35D97 /* LMVerifyAccountViewController.h */,
				2124EA7E1B561D1A00D35D97 /* LMVerifyAccountViewController.m */,
			);
			name = MainViewControllers;
			sourceTree = "<group>";
		};
		214286641B4DEE96006E3C1F /* ConsoleViewControllers */ = {
			isa = PBXGroup;
			children = (
				21A8E8761B597448002D09E6 /* LMHomeDetailViewController.h */,
				21A8E8771B597448002D09E6 /* LMHomeDetailViewController.m */,
				2124EA591B561CD700D35D97 /* LMAddDeviceInConsoleViewController.h */,
				2124EA5A1B561CD700D35D97 /* LMAddDeviceInConsoleViewController.m */,
				2124EA5B1B561CD700D35D97 /* LMAddHomeMemberViewController.h */,
				2124EA5C1B561CD700D35D97 /* LMAddHomeMemberViewController.m */,
				2124EA5D1B561CD700D35D97 /* LMAddHomeViewController.h */,
				2124EA5E1B561CD700D35D97 /* LMAddHomeViewController.m */,
				2124EA631B561CD700D35D97 /* LMHomesTableViewController.h */,
				2124EA641B561CD700D35D97 /* LMHomesTableViewController.m */,
				2124EA651B561CD700D35D97 /* LMProfileEditViewController.h */,
				2124EA661B561CD700D35D97 /* LMProfileEditViewController.m */,
				2124EA671B561CD700D35D97 /* LMProfileViewController.h */,
				2124EA681B561CD700D35D97 /* LMProfileViewController.m */,
			);
			name = ConsoleViewControllers;
			sourceTree = "<group>";
		};
		2142869A1B5093BE006E3C1F /* Images */ = {
			isa = PBXGroup;
			children = (
				2135209E1B73EAA7005DD0E2 /* Lumos_AppIcon.png */,
				2135209F1B73EAA7005DD0E2 /* Lumos_AppIcon2.png */,
				213520A01B73EAA7005DD0E2 /* Lumos_logo.png */,
				213520A11B73EAA7005DD0E2 /* Lumos.png */,
				213520A21B73EAA7005DD0E2 /* Name.png */,
				213520A31B73EAA7005DD0E2 /* Nickname.png */,
				213520A41B73EAA7005DD0E2 /* Phone.png */,
				213520A51B73EAA7005DD0E2 /* Profile.png */,
				213520A61B73EAA7005DD0E2 /* Settings Red.png */,
				213520A71B73EAA7005DD0E2 /* Settings White.png */,
				213520A81B73EAA7005DD0E2 /* Settings.png */,
				213520A91B73EAA7005DD0E2 /* TimeZone.png */,
				213520941B73EAA1005DD0E2 /* Authentication.png */,
				213520951B73EAA1005DD0E2 /* Background.png */,
				213520961B73EAA1005DD0E2 /* ClaimCode.png */,
				213520971B73EAA1005DD0E2 /* Edit.png */,
				213520981B73EAA1005DD0E2 /* Home.png */,
				213520921B73EA95005DD0E2 /* Add.png */,
				213520901B73EA59005DD0E2 /* LumosLogo.png */,
			);
			name = Images;
			sourceTree = "<group>";
		};
		6003F581195388D10070C39A = {
			isa = PBXGroup;
			children = (
				219B54531BB0AF6200611B43 /* Settings.bundle */,
				21F9424A1BACD29100A784E8 /* Images.xcassets */,
				60FF7A9C1954A5C5007DD14C /* Podspec Metadata */,
				6003F593195388D20070C39A /* Example for MODE-iOSSDK */,
				6003F5B5195388D20070C39A /* Tests */,
				6003F58C195388D20070C39A /* Frameworks */,
				6003F58B195388D20070C39A /* Products */,
				F34A422E91B6E1AA520D2906 /* Pods */,
			);
			sourceTree = "<group>";
		};
		6003F58B195388D20070C39A /* Products */ = {
			isa = PBXGroup;
			children = (
				6003F58A195388D20070C39A /* Lumos.app */,
				6003F5AE195388D20070C39A /* MODE-iOSSDK_Tests.xctest */,
			);
			name = Products;
			sourceTree = "<group>";
		};
		6003F58C195388D20070C39A /* Frameworks */ = {
			isa = PBXGroup;
			children = (
				6003F58D195388D20070C39A /* Foundation.framework */,
				6003F58F195388D20070C39A /* CoreGraphics.framework */,
				6003F591195388D20070C39A /* UIKit.framework */,
				6003F5AF195388D20070C39A /* XCTest.framework */,
				32363722C77D44A693D2A580 /* Pods_MODE_iOSSDK_Example.framework */,
				A9D825BFF24E606F6ADC4C42 /* Pods_MODE_iOSSDK_Tests.framework */,
			);
			name = Frameworks;
			sourceTree = "<group>";
		};
		6003F593195388D20070C39A /* Example for MODE-iOSSDK */ = {
			isa = PBXGroup;
			children = (
				2142869A1B5093BE006E3C1F /* Images */,
				214286641B4DEE96006E3C1F /* ConsoleViewControllers */,
				214286561B4D9823006E3C1F /* MainViewControllers */,
				214286551B4D97FE006E3C1F /* misc */,
				6003F59C195388D20070C39A /* MODEAppDelegate.h */,
				6003F59D195388D20070C39A /* MODEAppDelegate.m */,
				873B8AEA1B1F5CCA007FD442 /* Main.storyboard */,
				214286591B4D98A2006E3C1F /* console.storyboard */,
				6003F5A5195388D20070C39A /* MODEViewController.h */,
				6003F5A6195388D20070C39A /* MODEViewController.m */,
				6003F5A8195388D20070C39A /* Images.xcassets */,
				6003F594195388D20070C39A /* Supporting Files */,
			);
			name = "Example for MODE-iOSSDK";
			path = "MODE-iOSSDK";
			sourceTree = "<group>";
		};
		6003F594195388D20070C39A /* Supporting Files */ = {
			isa = PBXGroup;
			children = (
				6003F595195388D20070C39A /* MODE-iOSSDK-Info.plist */,
				6003F596195388D20070C39A /* InfoPlist.strings */,
				6003F599195388D20070C39A /* main.m */,
				6003F59B195388D20070C39A /* MODE-iOSSDK-Prefix.pch */,
			);
			name = "Supporting Files";
			sourceTree = "<group>";
		};
		6003F5B5195388D20070C39A /* Tests */ = {
			isa = PBXGroup;
			children = (
				6003F5BB195388D20070C39A /* Tests.m */,
				6003F5B6195388D20070C39A /* Supporting Files */,
			);
			path = Tests;
			sourceTree = "<group>";
		};
		6003F5B6195388D20070C39A /* Supporting Files */ = {
			isa = PBXGroup;
			children = (
				6003F5B7195388D20070C39A /* Tests-Info.plist */,
				6003F5B8195388D20070C39A /* InfoPlist.strings */,
				606FC2411953D9B200FFA9A0 /* Tests-Prefix.pch */,
			);
			name = "Supporting Files";
			sourceTree = "<group>";
		};
		60FF7A9C1954A5C5007DD14C /* Podspec Metadata */ = {
			isa = PBXGroup;
			children = (
				D270C4FA96498139FD44B2A5 /* MODE-iOSSDK.podspec */,
				2DFF3826F5A3A2128C83B9FF /* README.md */,
				47B286A23B4CB7AFC0DD9486 /* LICENSE */,
			);
			name = "Podspec Metadata";
			sourceTree = "<group>";
		};
		F34A422E91B6E1AA520D2906 /* Pods */ = {
			isa = PBXGroup;
			children = (
				A25ED04E2BC25E65A7F871D3 /* Pods-MODE-iOSSDK_Example.debug.xcconfig */,
				D485B01F952A1DA6676080AD /* Pods-MODE-iOSSDK_Example.release.xcconfig */,
				030D11C9C043D5B1DD1B8AF4 /* Pods-MODE-iOSSDK_Tests.debug.xcconfig */,
				F81B5A6EA90058513513C2FC /* Pods-MODE-iOSSDK_Tests.release.xcconfig */,
			);
			name = Pods;
			sourceTree = "<group>";
		};
/* End PBXGroup section */

/* Begin PBXNativeTarget section */
		6003F589195388D20070C39A /* MODE-iOSSDK_Example */ = {
			isa = PBXNativeTarget;
			buildConfigurationList = 6003F5BF195388D20070C39A /* Build configuration list for PBXNativeTarget "MODE-iOSSDK_Example" */;
			buildPhases = (
				9A9A5D1150F6158F676D0365 /* Check Pods Manifest.lock */,
				6003F586195388D20070C39A /* Sources */,
				6003F587195388D20070C39A /* Frameworks */,
				6003F588195388D20070C39A /* Resources */,
				FCA200078C580FEFA111556A /* Embed Pods Frameworks */,
				76EFF225DC035284BBD7476A /* Copy Pods Resources */,
				21BD6DB51BEA9AA700FD7DDD /* CopyFiles */,
			);
			buildRules = (
			);
			dependencies = (
			);
			name = "MODE-iOSSDK_Example";
			productName = "MODE-iOSSDK";
			productReference = 6003F58A195388D20070C39A /* Lumos.app */;
			productType = "com.apple.product-type.application";
		};
		6003F5AD195388D20070C39A /* MODE-iOSSDK_Tests */ = {
			isa = PBXNativeTarget;
			buildConfigurationList = 6003F5C2195388D20070C39A /* Build configuration list for PBXNativeTarget "MODE-iOSSDK_Tests" */;
			buildPhases = (
				34A1BE78607410BA3E57D737 /* Check Pods Manifest.lock */,
				6003F5AA195388D20070C39A /* Sources */,
				6003F5AB195388D20070C39A /* Frameworks */,
				6003F5AC195388D20070C39A /* Resources */,
				B97D44B557D0E80A9208D919 /* Embed Pods Frameworks */,
				56E3D2D54D4022508573DED4 /* Copy Pods Resources */,
			);
			buildRules = (
			);
			dependencies = (
				6003F5B4195388D20070C39A /* PBXTargetDependency */,
			);
			name = "MODE-iOSSDK_Tests";
			productName = "MODE-iOSSDKTests";
			productReference = 6003F5AE195388D20070C39A /* MODE-iOSSDK_Tests.xctest */;
			productType = "com.apple.product-type.bundle.unit-test";
		};
/* End PBXNativeTarget section */

/* Begin PBXProject section */
		6003F582195388D10070C39A /* Project object */ = {
			isa = PBXProject;
			attributes = {
				CLASSPREFIX = MODE;
				LastUpgradeCheck = 0700;
				ORGANIZATIONNAME = "Naoki Takano";
				TargetAttributes = {
					6003F589195388D20070C39A = {
						DevelopmentTeam = 3QL3SR29C3;
					};
					6003F5AD195388D20070C39A = {
						TestTargetID = 6003F589195388D20070C39A;
					};
				};
			};
			buildConfigurationList = 6003F585195388D10070C39A /* Build configuration list for PBXProject "MODE-iOSSDK" */;
			compatibilityVersion = "Xcode 3.2";
			developmentRegion = English;
			hasScannedForEncodings = 0;
			knownRegions = (
				en,
				Base,
			);
			mainGroup = 6003F581195388D10070C39A;
			productRefGroup = 6003F58B195388D20070C39A /* Products */;
			projectDirPath = "";
			projectRoot = "";
			targets = (
				6003F589195388D20070C39A /* MODE-iOSSDK_Example */,
				6003F5AD195388D20070C39A /* MODE-iOSSDK_Tests */,
			);
		};
/* End PBXProject section */

/* Begin PBXResourcesBuildPhase section */
		6003F588195388D20070C39A /* Resources */ = {
			isa = PBXResourcesBuildPhase;
			buildActionMask = 2147483647;
			files = (
				2142865A1B4D98A2006E3C1F /* console.storyboard in Resources */,
				213520AA1B73EAA7005DD0E2 /* Lumos_AppIcon.png in Resources */,
				2135209A1B73EAA1005DD0E2 /* Background.png in Resources */,
				213520B21B73EAA7005DD0E2 /* Settings Red.png in Resources */,
				213520B41B73EAA7005DD0E2 /* Settings.png in Resources */,
				873B8AEB1B1F5CCA007FD442 /* Main.storyboard in Resources */,
				6003F5A9195388D20070C39A /* Images.xcassets in Resources */,
				213520B31B73EAA7005DD0E2 /* Settings White.png in Resources */,
				2135209D1B73EAA1005DD0E2 /* Home.png in Resources */,
				21F9424B1BACD29100A784E8 /* Images.xcassets in Resources */,
				213520931B73EA95005DD0E2 /* Add.png in Resources */,
				6003F598195388D20070C39A /* InfoPlist.strings in Resources */,
				213520AD1B73EAA7005DD0E2 /* Lumos.png in Resources */,
				213520AF1B73EAA7005DD0E2 /* Nickname.png in Resources */,
				213520911B73EA59005DD0E2 /* LumosLogo.png in Resources */,
				2135209C1B73EAA1005DD0E2 /* Edit.png in Resources */,
				213520B01B73EAA7005DD0E2 /* Phone.png in Resources */,
				213520991B73EAA1005DD0E2 /* Authentication.png in Resources */,
				213520AE1B73EAA7005DD0E2 /* Name.png in Resources */,
				213520B11B73EAA7005DD0E2 /* Profile.png in Resources */,
				213520AC1B73EAA7005DD0E2 /* Lumos_logo.png in Resources */,
				213520B51B73EAA7005DD0E2 /* TimeZone.png in Resources */,
				219B54541BB0AF6200611B43 /* Settings.bundle in Resources */,
				213520AB1B73EAA7005DD0E2 /* Lumos_AppIcon2.png in Resources */,
				2135209B1B73EAA1005DD0E2 /* ClaimCode.png in Resources */,
			);
			runOnlyForDeploymentPostprocessing = 0;
		};
		6003F5AC195388D20070C39A /* Resources */ = {
			isa = PBXResourcesBuildPhase;
			buildActionMask = 2147483647;
			files = (
				6003F5BA195388D20070C39A /* InfoPlist.strings in Resources */,
			);
			runOnlyForDeploymentPostprocessing = 0;
		};
/* End PBXResourcesBuildPhase section */

/* Begin PBXShellScriptBuildPhase section */
		34A1BE78607410BA3E57D737 /* Check Pods Manifest.lock */ = {
			isa = PBXShellScriptBuildPhase;
			buildActionMask = 2147483647;
			files = (
			);
			inputPaths = (
			);
			name = "Check Pods Manifest.lock";
			outputPaths = (
			);
			runOnlyForDeploymentPostprocessing = 0;
			shellPath = /bin/sh;
			shellScript = "diff \"${PODS_ROOT}/../Podfile.lock\" \"${PODS_ROOT}/Manifest.lock\" > /dev/null\nif [[ $? != 0 ]] ; then\n    cat << EOM\nerror: The sandbox is not in sync with the Podfile.lock. Run 'pod install' or update your CocoaPods installation.\nEOM\n    exit 1\nfi\n";
			showEnvVarsInLog = 0;
		};
		56E3D2D54D4022508573DED4 /* Copy Pods Resources */ = {
			isa = PBXShellScriptBuildPhase;
			buildActionMask = 2147483647;
			files = (
			);
			inputPaths = (
			);
			name = "Copy Pods Resources";
			outputPaths = (
			);
			runOnlyForDeploymentPostprocessing = 0;
			shellPath = /bin/sh;
			shellScript = "\"${SRCROOT}/Pods/Target Support Files/Pods-MODE-iOSSDK_Tests/Pods-MODE-iOSSDK_Tests-resources.sh\"\n";
			showEnvVarsInLog = 0;
		};
		76EFF225DC035284BBD7476A /* Copy Pods Resources */ = {
			isa = PBXShellScriptBuildPhase;
			buildActionMask = 2147483647;
			files = (
			);
			inputPaths = (
			);
			name = "Copy Pods Resources";
			outputPaths = (
			);
			runOnlyForDeploymentPostprocessing = 0;
			shellPath = /bin/sh;
			shellScript = "\"${SRCROOT}/Pods/Target Support Files/Pods-MODE-iOSSDK_Example/Pods-MODE-iOSSDK_Example-resources.sh\"\n";
			showEnvVarsInLog = 0;
		};
		9A9A5D1150F6158F676D0365 /* Check Pods Manifest.lock */ = {
			isa = PBXShellScriptBuildPhase;
			buildActionMask = 2147483647;
			files = (
			);
			inputPaths = (
			);
			name = "Check Pods Manifest.lock";
			outputPaths = (
			);
			runOnlyForDeploymentPostprocessing = 0;
			shellPath = /bin/sh;
			shellScript = "diff \"${PODS_ROOT}/../Podfile.lock\" \"${PODS_ROOT}/Manifest.lock\" > /dev/null\nif [[ $? != 0 ]] ; then\n    cat << EOM\nerror: The sandbox is not in sync with the Podfile.lock. Run 'pod install' or update your CocoaPods installation.\nEOM\n    exit 1\nfi\n";
			showEnvVarsInLog = 0;
		};
		B97D44B557D0E80A9208D919 /* Embed Pods Frameworks */ = {
			isa = PBXShellScriptBuildPhase;
			buildActionMask = 2147483647;
			files = (
			);
			inputPaths = (
			);
			name = "Embed Pods Frameworks";
			outputPaths = (
			);
			runOnlyForDeploymentPostprocessing = 0;
			shellPath = /bin/sh;
			shellScript = "\"${SRCROOT}/Pods/Target Support Files/Pods-MODE-iOSSDK_Tests/Pods-MODE-iOSSDK_Tests-frameworks.sh\"\n";
			showEnvVarsInLog = 0;
		};
		FCA200078C580FEFA111556A /* Embed Pods Frameworks */ = {
			isa = PBXShellScriptBuildPhase;
			buildActionMask = 2147483647;
			files = (
			);
			inputPaths = (
			);
			name = "Embed Pods Frameworks";
			outputPaths = (
			);
			runOnlyForDeploymentPostprocessing = 0;
			shellPath = /bin/sh;
			shellScript = "\"${SRCROOT}/Pods/Target Support Files/Pods-MODE-iOSSDK_Example/Pods-MODE-iOSSDK_Example-frameworks.sh\"\n";
			showEnvVarsInLog = 0;
		};
/* End PBXShellScriptBuildPhase section */

/* Begin PBXSourcesBuildPhase section */
		6003F586195388D20070C39A /* Sources */ = {
			isa = PBXSourcesBuildPhase;
			buildActionMask = 2147483647;
			files = (
				2124EA971B561D4900D35D97 /* LMUIColor+Extentions.m in Sources */,
				2124EA6A1B561CD700D35D97 /* LMAddHomeMemberViewController.m in Sources */,
				2124EA691B561CD700D35D97 /* LMAddDeviceInConsoleViewController.m in Sources */,
				6003F59E195388D20070C39A /* MODEAppDelegate.m in Sources */,
				21A8E8781B597448002D09E6 /* LMHomeDetailViewController.m in Sources */,
				2124EA851B561D1A00D35D97 /* LMVerifyAccountViewController.m in Sources */,
				2124EA6C1B561CD700D35D97 /* LMButtonUtils.m in Sources */,
				2124EA821B561D1A00D35D97 /* LMLumosViewController.m in Sources */,
				2124EA921B561D3B00D35D97 /* LMOverlayViewProtocol.m in Sources */,
				2124EA6B1B561CD700D35D97 /* LMAddHomeViewController.m in Sources */,
				2124EA901B561D3B00D35D97 /* LMDeviceManager.m in Sources */,
				6003F5A7195388D20070C39A /* MODEViewController.m in Sources */,
				2124EA6F1B561CD700D35D97 /* LMProfileEditViewController.m in Sources */,
				2124EA801B561D1A00D35D97 /* LMAuthenticateAccountViewController.m in Sources */,
				6003F59A195388D20070C39A /* main.m in Sources */,
				2124EA6E1B561CD700D35D97 /* LMHomesTableViewController.m in Sources */,
				2124EA701B561CD700D35D97 /* LMProfileViewController.m in Sources */,
				2124EA7F1B561D1A00D35D97 /* LMAddDevicesViewController.m in Sources */,
				2124EA8F1B561D3B00D35D97 /* LMDataHolder.m in Sources */,
				2124EA911B561D3B00D35D97 /* LMLinkedStoryBoardSegue.m in Sources */,
				212E75A41BB31F9B00E5D4FE /* QRCodeUtils.m in Sources */,
				2134DFFE1BB0E32500BE450C /* LMProjectSettingViewController.m in Sources */,
				210F9EE61B578B2E00544AE5 /* LMRoundButton.m in Sources */,
				2124EA811B561D1A00D35D97 /* LMLoginViewController.m in Sources */,
				2124EA841B561D1A00D35D97 /* LMSignUpViewController.m in Sources */,
				2124EA831B561D1A00D35D97 /* LMRegisteredViewController.m in Sources */,
				2124EA981B561D4900D35D97 /* LMUtils.m in Sources */,
			);
			runOnlyForDeploymentPostprocessing = 0;
		};
		6003F5AA195388D20070C39A /* Sources */ = {
			isa = PBXSourcesBuildPhase;
			buildActionMask = 2147483647;
			files = (
				6003F5BC195388D20070C39A /* Tests.m in Sources */,
			);
			runOnlyForDeploymentPostprocessing = 0;
		};
/* End PBXSourcesBuildPhase section */

/* Begin PBXTargetDependency section */
		6003F5B4195388D20070C39A /* PBXTargetDependency */ = {
			isa = PBXTargetDependency;
			target = 6003F589195388D20070C39A /* MODE-iOSSDK_Example */;
			targetProxy = 6003F5B3195388D20070C39A /* PBXContainerItemProxy */;
		};
/* End PBXTargetDependency section */

/* Begin PBXVariantGroup section */
		6003F596195388D20070C39A /* InfoPlist.strings */ = {
			isa = PBXVariantGroup;
			children = (
				6003F597195388D20070C39A /* en */,
			);
			name = InfoPlist.strings;
			sourceTree = "<group>";
		};
		6003F5B8195388D20070C39A /* InfoPlist.strings */ = {
			isa = PBXVariantGroup;
			children = (
				6003F5B9195388D20070C39A /* en */,
			);
			name = InfoPlist.strings;
			sourceTree = "<group>";
		};
/* End PBXVariantGroup section */

/* Begin XCBuildConfiguration section */
		6003F5BD195388D20070C39A /* Debug */ = {
			isa = XCBuildConfiguration;
			buildSettings = {
				ALWAYS_SEARCH_USER_PATHS = NO;
				CLANG_ALLOW_NON_MODULAR_INCLUDES_IN_FRAMEWORK_MODULES = NO;
				CLANG_CXX_LANGUAGE_STANDARD = "gnu++0x";
				CLANG_CXX_LIBRARY = "libc++";
				CLANG_ENABLE_MODULES = YES;
				CLANG_ENABLE_OBJC_ARC = YES;
				CLANG_WARN_BOOL_CONVERSION = YES;
				CLANG_WARN_CONSTANT_CONVERSION = YES;
				CLANG_WARN_DIRECT_OBJC_ISA_USAGE = YES_ERROR;
				CLANG_WARN_EMPTY_BODY = YES;
				CLANG_WARN_ENUM_CONVERSION = YES;
				CLANG_WARN_INT_CONVERSION = YES;
				CLANG_WARN_OBJC_ROOT_CLASS = YES_ERROR;
				CLANG_WARN__DUPLICATE_METHOD_MATCH = YES;
				CODE_SIGN_IDENTITY = "iPhone Distribution";
				"CODE_SIGN_IDENTITY[sdk=iphoneos*]" = "iPhone Distribution";
				COPY_PHASE_STRIP = NO;
				DYLIB_COMPATIBILITY_VERSION = "";
				ENABLE_TESTABILITY = YES;
				GCC_C_LANGUAGE_STANDARD = gnu99;
				GCC_DYNAMIC_NO_PIC = NO;
				GCC_OPTIMIZATION_LEVEL = 0;
				GCC_PREPROCESSOR_DEFINITIONS = (
					"DEBUG=1",
					"$(inherited)",
				);
				GCC_SYMBOLS_PRIVATE_EXTERN = NO;
				GCC_WARN_64_TO_32_BIT_CONVERSION = YES;
				GCC_WARN_ABOUT_RETURN_TYPE = YES_ERROR;
				GCC_WARN_UNDECLARED_SELECTOR = YES;
				GCC_WARN_UNINITIALIZED_AUTOS = YES_AGGRESSIVE;
				GCC_WARN_UNUSED_FUNCTION = YES;
				GCC_WARN_UNUSED_VARIABLE = YES;
				IPHONEOS_DEPLOYMENT_TARGET = 8.0;
				ONLY_ACTIVE_ARCH = YES;
				SDKROOT = iphoneos;
				TARGETED_DEVICE_FAMILY = "1,2";
			};
			name = Debug;
		};
		6003F5BE195388D20070C39A /* Release */ = {
			isa = XCBuildConfiguration;
			buildSettings = {
				ALWAYS_SEARCH_USER_PATHS = NO;
				CLANG_ALLOW_NON_MODULAR_INCLUDES_IN_FRAMEWORK_MODULES = NO;
				CLANG_CXX_LANGUAGE_STANDARD = "gnu++0x";
				CLANG_CXX_LIBRARY = "libc++";
				CLANG_ENABLE_MODULES = YES;
				CLANG_ENABLE_OBJC_ARC = YES;
				CLANG_WARN_BOOL_CONVERSION = YES;
				CLANG_WARN_CONSTANT_CONVERSION = YES;
				CLANG_WARN_DIRECT_OBJC_ISA_USAGE = YES_ERROR;
				CLANG_WARN_EMPTY_BODY = YES;
				CLANG_WARN_ENUM_CONVERSION = YES;
				CLANG_WARN_INT_CONVERSION = YES;
				CLANG_WARN_OBJC_ROOT_CLASS = YES_ERROR;
				CLANG_WARN__DUPLICATE_METHOD_MATCH = YES;
				CODE_SIGN_IDENTITY = "iPhone Distribution";
				"CODE_SIGN_IDENTITY[sdk=iphoneos*]" = "iPhone Distribution";
				COPY_PHASE_STRIP = YES;
				DYLIB_COMPATIBILITY_VERSION = "";
				ENABLE_NS_ASSERTIONS = NO;
				GCC_C_LANGUAGE_STANDARD = gnu99;
				GCC_WARN_64_TO_32_BIT_CONVERSION = YES;
				GCC_WARN_ABOUT_RETURN_TYPE = YES_ERROR;
				GCC_WARN_UNDECLARED_SELECTOR = YES;
				GCC_WARN_UNINITIALIZED_AUTOS = YES_AGGRESSIVE;
				GCC_WARN_UNUSED_FUNCTION = YES;
				GCC_WARN_UNUSED_VARIABLE = YES;
				IPHONEOS_DEPLOYMENT_TARGET = 8.0;
				SDKROOT = iphoneos;
				TARGETED_DEVICE_FAMILY = "1,2";
				VALIDATE_PRODUCT = YES;
			};
			name = Release;
		};
		6003F5C0195388D20070C39A /* Debug */ = {
			isa = XCBuildConfiguration;
			baseConfigurationReference = A25ED04E2BC25E65A7F871D3 /* Pods-MODE-iOSSDK_Example.debug.xcconfig */;
			buildSettings = {
				ASSETCATALOG_COMPILER_APPICON_NAME = AppIcon;
				ASSETCATALOG_COMPILER_LAUNCHIMAGE_NAME = "BrandAsset-2";
				CODE_SIGN_IDENTITY = "iPhone Distribution";
				"CODE_SIGN_IDENTITY[sdk=iphoneos*]" = "iPhone Distribution";
				DYLIB_COMPATIBILITY_VERSION = "";
				GCC_PRECOMPILE_PREFIX_HEADER = YES;
				GCC_PREFIX_HEADER = "MODE-iOSSDK/MODE-iOSSDK-Prefix.pch";
				INFOPLIST_FILE = "MODE-iOSSDK/MODE-iOSSDK-Info.plist";
				MODULE_NAME = ExampleApp;
				PRODUCT_BUNDLE_IDENTIFIER = com.tinkermode.lumos;
				PRODUCT_NAME = Lumos;
				PROVISIONING_PROFILE = "";
				TARGETED_DEVICE_FAMILY = 1;
				WRAPPER_EXTENSION = app;
			};
			name = Debug;
		};
		6003F5C1195388D20070C39A /* Release */ = {
			isa = XCBuildConfiguration;
			baseConfigurationReference = D485B01F952A1DA6676080AD /* Pods-MODE-iOSSDK_Example.release.xcconfig */;
			buildSettings = {
				ASSETCATALOG_COMPILER_APPICON_NAME = AppIcon;
				ASSETCATALOG_COMPILER_LAUNCHIMAGE_NAME = "BrandAsset-2";
				CODE_SIGN_IDENTITY = "iPhone Distribution";
				"CODE_SIGN_IDENTITY[sdk=iphoneos*]" = "iPhone Distribution";
				DYLIB_COMPATIBILITY_VERSION = "";
				GCC_PRECOMPILE_PREFIX_HEADER = YES;
				GCC_PREFIX_HEADER = "MODE-iOSSDK/MODE-iOSSDK-Prefix.pch";
				INFOPLIST_FILE = "MODE-iOSSDK/MODE-iOSSDK-Info.plist";
				MODULE_NAME = ExampleApp;
				ONLY_ACTIVE_ARCH = YES;
				PRODUCT_BUNDLE_IDENTIFIER = com.tinkermode.lumos;
				PRODUCT_NAME = Lumos;
				PROVISIONING_PROFILE = "";
				TARGETED_DEVICE_FAMILY = 1;
				WRAPPER_EXTENSION = app;
			};
			name = Release;
		};
		6003F5C3195388D20070C39A /* Debug */ = {
			isa = XCBuildConfiguration;
			baseConfigurationReference = 030D11C9C043D5B1DD1B8AF4 /* Pods-MODE-iOSSDK_Tests.debug.xcconfig */;
			buildSettings = {
				BUNDLE_LOADER = "$(TEST_HOST)";
				DYLIB_COMPATIBILITY_VERSION = "";
				FRAMEWORK_SEARCH_PATHS = (
					"$(SDKROOT)/Developer/Library/Frameworks",
					"$(inherited)",
					"$(DEVELOPER_FRAMEWORKS_DIR)",
				);
				GCC_PRECOMPILE_PREFIX_HEADER = YES;
				GCC_PREFIX_HEADER = "Tests/Tests-Prefix.pch";
				GCC_PREPROCESSOR_DEFINITIONS = (
					"DEBUG=1",
					"$(inherited)",
				);
				INFOPLIST_FILE = "Tests/Tests-Info.plist";
				PRODUCT_BUNDLE_IDENTIFIER = "org.cocoapods.demo.${PRODUCT_NAME:rfc1034identifier}";
				PRODUCT_NAME = "$(TARGET_NAME)";
				TEST_HOST = "$(BUILT_PRODUCTS_DIR)/MODE-iOSSDK_Example.app/MODE-iOSSDK_Example";
				WRAPPER_EXTENSION = xctest;
			};
			name = Debug;
		};
		6003F5C4195388D20070C39A /* Release */ = {
			isa = XCBuildConfiguration;
			baseConfigurationReference = F81B5A6EA90058513513C2FC /* Pods-MODE-iOSSDK_Tests.release.xcconfig */;
			buildSettings = {
				BUNDLE_LOADER = "$(TEST_HOST)";
				DYLIB_COMPATIBILITY_VERSION = "";
				FRAMEWORK_SEARCH_PATHS = (
					"$(SDKROOT)/Developer/Library/Frameworks",
					"$(inherited)",
					"$(DEVELOPER_FRAMEWORKS_DIR)",
				);
				GCC_PRECOMPILE_PREFIX_HEADER = YES;
				GCC_PREFIX_HEADER = "Tests/Tests-Prefix.pch";
				INFOPLIST_FILE = "Tests/Tests-Info.plist";
				PRODUCT_BUNDLE_IDENTIFIER = "org.cocoapods.demo.${PRODUCT_NAME:rfc1034identifier}";
				PRODUCT_NAME = "$(TARGET_NAME)";
				TEST_HOST = "$(BUILT_PRODUCTS_DIR)/MODE-iOSSDK_Example.app/MODE-iOSSDK_Example";
				WRAPPER_EXTENSION = xctest;
			};
			name = Release;
		};
/* End XCBuildConfiguration section */

/* Begin XCConfigurationList section */
		6003F585195388D10070C39A /* Build configuration list for PBXProject "MODE-iOSSDK" */ = {
			isa = XCConfigurationList;
			buildConfigurations = (
				6003F5BD195388D20070C39A /* Debug */,
				6003F5BE195388D20070C39A /* Release */,
			);
			defaultConfigurationIsVisible = 0;
			defaultConfigurationName = Release;
		};
		6003F5BF195388D20070C39A /* Build configuration list for PBXNativeTarget "MODE-iOSSDK_Example" */ = {
			isa = XCConfigurationList;
			buildConfigurations = (
				6003F5C0195388D20070C39A /* Debug */,
				6003F5C1195388D20070C39A /* Release */,
			);
			defaultConfigurationIsVisible = 0;
			defaultConfigurationName = Release;
		};
		6003F5C2195388D20070C39A /* Build configuration list for PBXNativeTarget "MODE-iOSSDK_Tests" */ = {
			isa = XCConfigurationList;
			buildConfigurations = (
				6003F5C3195388D20070C39A /* Debug */,
				6003F5C4195388D20070C39A /* Release */,
			);
			defaultConfigurationIsVisible = 0;
			defaultConfigurationName = Release;
		};
/* End XCConfigurationList section */
	};
	rootObject = 6003F582195388D10070C39A /* Project object */;
}
